{
  "requires": true,
  "lockfileVersion": 1,
  "dependencies": {
    "bootstrap": {
      "version": "4.4.1",
      "resolved": "https://registry.npm.taobao.org/bootstrap/download/bootstrap-4.4.1.tgz",
      "integrity": "sha1-hYKWDuoMXNK+3oTYsLrzeJw+iwE="
    },
    "jquery": {
      "version": "1.9.1",
      "resolved": "https://registry.npm.taobao.org/jquery/download/jquery-1.9.1.tgz?cache=0&sync_timestamp=1586533502771&other_urls=https%3A%2F%2Fregistry.npm.taobao.org%2Fjquery%2Fdownload%2Fjquery-1.9.1.tgz",
      "integrity": "sha1-5M1INfqu+63lNYV2E8D8P/KtrzQ="
    },
    "ngx-cookie-service": {
      "version": "3.0.4",
      "resolved": "https://registry.npm.taobao.org/ngx-cookie-service/download/ngx-cookie-service-3.0.4.tgz",
      "integrity": "sha1-YDYAv1dTIqoL0/g8q0JJTprrsAo="
    },
    "popper.js": {
      "version": "1.16.0",
      "resolved": "https://registry.npm.taobao.org/popper.js/download/popper.js-1.16.0.tgz",
      "integrity": "sha1-LhgWvLuqUY6mwuFaRm9Mucbi+7M="
    }
  }
}
